// !$*UTF8*$!
{
	archiveVersion = 1;
	classes = {
	};
	objectVersion = 46;
	objects = {

/* Begin PBXBuildFile section */
		76C9BBBF1D5498820067833D /* main.m in Sources */ = {isa = PBXBuildFile; fileRef = 76C9BBBE1D5498820067833D /* main.m */; };
		76C9BBC21D5498820067833D /* AppDelegate.m in Sources */ = {isa = PBXBuildFile; fileRef = 76C9BBC11D5498820067833D /* AppDelegate.m */; };
		76C9BBC51D5498820067833D /* ViewController.m in Sources */ = {isa = PBXBuildFile; fileRef = 76C9BBC41D5498820067833D /* ViewController.m */; };
		76C9BBC81D5498820067833D /* Main.storyboard in Resources */ = {isa = PBXBuildFile; fileRef = 76C9BBC61D5498820067833D /* Main.storyboard */; };
		76C9BBCA1D5498820067833D /* Assets.xcassets in Resources */ = {isa = PBXBuildFile; fileRef = 76C9BBC91D5498820067833D /* Assets.xcassets */; };
		76C9BBCD1D5498820067833D /* LaunchScreen.storyboard in Resources */ = {isa = PBXBuildFile; fileRef = 76C9BBCB1D5498820067833D /* LaunchScreen.storyboard */; };
		76C9BBD51D54A60B0067833D /* 04.jpg in Resources */ = {isa = PBXBuildFile; fileRef = 76C9BBD41D54A60B0067833D /* 04.jpg */; };
		76C9BBD71D584A030067833D /* 200x200.png in Resources */ = {isa = PBXBuildFile; fileRef = 76C9BBD61D584A030067833D /* 200x200.png */; };
		76C9BBDD1D58AAA90067833D /* TENCornerModel.m in Sources */ = {isa = PBXBuildFile; fileRef = 76C9BBDC1D58AAA90067833D /* TENCornerModel.m */; };
		76C9BBE11D599D6D0067833D /* TENTileModel.m in Sources */ = {isa = PBXBuildFile; fileRef = 76C9BBE01D599D6D0067833D /* TENTileModel.m */; };
		76C9BBE51D599E1E0067833D /* TENTiles.m in Sources */ = {isa = PBXBuildFile; fileRef = 76C9BBE41D599E1E0067833D /* TENTiles.m */; };
		76C9BBE91D59AD150067833D /* TENMacros.m in Sources */ = {isa = PBXBuildFile; fileRef = 76C9BBE81D59AD150067833D /* TENMacros.m */; };
		76C9BBEB1D59DDCD0067833D /* 900x700.jpg in Resources */ = {isa = PBXBuildFile; fileRef = 76C9BBEA1D59DDCD0067833D /* 900x700.jpg */; };
		76C9BBEF1D5B227E0067833D /* PJWOffsetCornerModel.m in Sources */ = {isa = PBXBuildFile; fileRef = 76C9BBEE1D5B227E0067833D /* PJWOffsetCornerModel.m */; };
		76C9BBF41D5B46260067833D /* PJWPuzzleParameterModel.m in Sources */ = {isa = PBXBuildFile; fileRef = 76C9BBF31D5B46260067833D /* PJWPuzzleParameterModel.m */; };
		76C9BBF81D5C442F0067833D /* PJWOffsetSideModel.m in Sources */ = {isa = PBXBuildFile; fileRef = 76C9BBF71D5C442F0067833D /* PJWOffsetSideModel.m */; };
		76C9BC011D5C754F0067833D /* PJWTileImageView.m in Sources */ = {isa = PBXBuildFile; fileRef = 76C9BC001D5C754F0067833D /* PJWTileImageView.m */; };
/* End PBXBuildFile section */

/* Begin PBXFileReference section */
		76C9BBBA1D5498820067833D /* TENJigSawCutter.app */ = {isa = PBXFileReference; explicitFileType = wrapper.application; includeInIndex = 0; path = TENJigSawCutter.app; sourceTree = BUILT_PRODUCTS_DIR; };
		76C9BBBE1D5498820067833D /* main.m */ = {isa = PBXFileReference; lastKnownFileType = sourcecode.c.objc; path = main.m; sourceTree = "<group>"; };
		76C9BBC01D5498820067833D /* AppDelegate.h */ = {isa = PBXFileReference; lastKnownFileType = sourcecode.c.h; path = AppDelegate.h; sourceTree = "<group>"; };
		76C9BBC11D5498820067833D /* AppDelegate.m */ = {isa = PBXFileReference; lastKnownFileType = sourcecode.c.objc; path = AppDelegate.m; sourceTree = "<group>"; };
		76C9BBC31D5498820067833D /* ViewController.h */ = {isa = PBXFileReference; lastKnownFileType = sourcecode.c.h; path = ViewController.h; sourceTree = "<group>"; };
		76C9BBC41D5498820067833D /* ViewController.m */ = {isa = PBXFileReference; lastKnownFileType = sourcecode.c.objc; path = ViewController.m; sourceTree = "<group>"; };
		76C9BBC71D5498820067833D /* Base */ = {isa = PBXFileReference; lastKnownFileType = file.storyboard; name = Base; path = Base.lproj/Main.storyboard; sourceTree = "<group>"; };
		76C9BBC91D5498820067833D /* Assets.xcassets */ = {isa = PBXFileReference; lastKnownFileType = folder.assetcatalog; path = Assets.xcassets; sourceTree = "<group>"; };
		76C9BBCC1D5498820067833D /* Base */ = {isa = PBXFileReference; lastKnownFileType = file.storyboard; name = Base; path = Base.lproj/LaunchScreen.storyboard; sourceTree = "<group>"; };
		76C9BBCE1D5498820067833D /* Info.plist */ = {isa = PBXFileReference; lastKnownFileType = text.plist.xml; path = Info.plist; sourceTree = "<group>"; };
		76C9BBD41D54A60B0067833D /* 04.jpg */ = {isa = PBXFileReference; lastKnownFileType = image.jpeg; path = 04.jpg; sourceTree = "<group>"; };
		76C9BBD61D584A030067833D /* 200x200.png */ = {isa = PBXFileReference; lastKnownFileType = image.png; path = 200x200.png; sourceTree = "<group>"; };
		76C9BBDB1D58AAA90067833D /* TENCornerModel.h */ = {isa = PBXFileReference; fileEncoding = 4; lastKnownFileType = sourcecode.c.h; path = TENCornerModel.h; sourceTree = "<group>"; };
		76C9BBDC1D58AAA90067833D /* TENCornerModel.m */ = {isa = PBXFileReference; fileEncoding = 4; lastKnownFileType = sourcecode.c.objc; path = TENCornerModel.m; sourceTree = "<group>"; };
		76C9BBDF1D599D6D0067833D /* TENTileModel.h */ = {isa = PBXFileReference; fileEncoding = 4; lastKnownFileType = sourcecode.c.h; path = TENTileModel.h; sourceTree = "<group>"; };
		76C9BBE01D599D6D0067833D /* TENTileModel.m */ = {isa = PBXFileReference; fileEncoding = 4; lastKnownFileType = sourcecode.c.objc; path = TENTileModel.m; sourceTree = "<group>"; };
		76C9BBE31D599E1E0067833D /* TENTiles.h */ = {isa = PBXFileReference; fileEncoding = 4; lastKnownFileType = sourcecode.c.h; path = TENTiles.h; sourceTree = "<group>"; };
		76C9BBE41D599E1E0067833D /* TENTiles.m */ = {isa = PBXFileReference; fileEncoding = 4; lastKnownFileType = sourcecode.c.objc; path = TENTiles.m; sourceTree = "<group>"; };
		76C9BBE71D59AD150067833D /* TENMacros.h */ = {isa = PBXFileReference; fileEncoding = 4; lastKnownFileType = sourcecode.c.h; path = TENMacros.h; sourceTree = "<group>"; };
		76C9BBE81D59AD150067833D /* TENMacros.m */ = {isa = PBXFileReference; fileEncoding = 4; lastKnownFileType = sourcecode.c.objc; path = TENMacros.m; sourceTree = "<group>"; };
		76C9BBEA1D59DDCD0067833D /* 900x700.jpg */ = {isa = PBXFileReference; lastKnownFileType = image.jpeg; path = 900x700.jpg; sourceTree = "<group>"; };
		76C9BBED1D5B227E0067833D /* PJWOffsetCornerModel.h */ = {isa = PBXFileReference; fileEncoding = 4; lastKnownFileType = sourcecode.c.h; path = PJWOffsetCornerModel.h; sourceTree = "<group>"; };
		76C9BBEE1D5B227E0067833D /* PJWOffsetCornerModel.m */ = {isa = PBXFileReference; fileEncoding = 4; lastKnownFileType = sourcecode.c.objc; path = PJWOffsetCornerModel.m; sourceTree = "<group>"; };
		76C9BBF21D5B46260067833D /* PJWPuzzleParameterModel.h */ = {isa = PBXFileReference; fileEncoding = 4; lastKnownFileType = sourcecode.c.h; path = PJWPuzzleParameterModel.h; sourceTree = "<group>"; };
		76C9BBF31D5B46260067833D /* PJWPuzzleParameterModel.m */ = {isa = PBXFileReference; fileEncoding = 4; lastKnownFileType = sourcecode.c.objc; path = PJWPuzzleParameterModel.m; sourceTree = "<group>"; };
		76C9BBF61D5C442F0067833D /* PJWOffsetSideModel.h */ = {isa = PBXFileReference; fileEncoding = 4; lastKnownFileType = sourcecode.c.h; path = PJWOffsetSideModel.h; sourceTree = "<group>"; };
		76C9BBF71D5C442F0067833D /* PJWOffsetSideModel.m */ = {isa = PBXFileReference; fileEncoding = 4; lastKnownFileType = sourcecode.c.objc; path = PJWOffsetSideModel.m; sourceTree = "<group>"; };
		76C9BBFF1D5C754F0067833D /* PJWTileImageView.h */ = {isa = PBXFileReference; fileEncoding = 4; lastKnownFileType = sourcecode.c.h; path = PJWTileImageView.h; sourceTree = "<group>"; };
		76C9BC001D5C754F0067833D /* PJWTileImageView.m */ = {isa = PBXFileReference; fileEncoding = 4; lastKnownFileType = sourcecode.c.objc; path = PJWTileImageView.m; sourceTree = "<group>"; };
/* End PBXFileReference section */

/* Begin PBXFrameworksBuildPhase section */
		76C9BBB71D5498820067833D /* Frameworks */ = {
			isa = PBXFrameworksBuildPhase;
			buildActionMask = 2147483647;
			files = (
			);
			runOnlyForDeploymentPostprocessing = 0;
		};
/* End PBXFrameworksBuildPhase section */

/* Begin PBXGroup section */
		76C9BBB11D5498820067833D = {
			isa = PBXGroup;
			children = (
				76C9BBD81D58AA5A0067833D /* Source */,
				76C9BBBC1D5498820067833D /* TENJigSawCutter */,
				76C9BBBB1D5498820067833D /* Products */,
			);
			sourceTree = "<group>";
		};
		76C9BBBB1D5498820067833D /* Products */ = {
			isa = PBXGroup;
			children = (
				76C9BBBA1D5498820067833D /* TENJigSawCutter.app */,
			);
			name = Products;
			sourceTree = "<group>";
		};
		76C9BBBC1D5498820067833D /* TENJigSawCutter */ = {
			isa = PBXGroup;
			children = (
				76C9BBC01D5498820067833D /* AppDelegate.h */,
				76C9BBC11D5498820067833D /* AppDelegate.m */,
				76C9BBC31D5498820067833D /* ViewController.h */,
				76C9BBC41D5498820067833D /* ViewController.m */,
				76C9BBC61D5498820067833D /* Main.storyboard */,
				76C9BBC91D5498820067833D /* Assets.xcassets */,
				76C9BBCB1D5498820067833D /* LaunchScreen.storyboard */,
				76C9BBCE1D5498820067833D /* Info.plist */,
				76C9BBD41D54A60B0067833D /* 04.jpg */,
				76C9BBD61D584A030067833D /* 200x200.png */,
				76C9BBEA1D59DDCD0067833D /* 900x700.jpg */,
				76C9BBBD1D5498820067833D /* Supporting Files */,
			);
			path = TENJigSawCutter;
			sourceTree = "<group>";
		};
		76C9BBBD1D5498820067833D /* Supporting Files */ = {
			isa = PBXGroup;
			children = (
				76C9BBBE1D5498820067833D /* main.m */,
			);
			name = "Supporting Files";
			sourceTree = "<group>";
		};
		76C9BBD81D58AA5A0067833D /* Source */ = {
			isa = PBXGroup;
			children = (
				76C9BBF91D5C747F0067833D /* UI */,
				76C9BBE61D59AD050067833D /* Resource */,
				76C9BBD91D58AA5A0067833D /* Model */,
			);
			path = Source;
			sourceTree = "<group>";
		};
		76C9BBD91D58AA5A0067833D /* Model */ = {
			isa = PBXGroup;
			children = (
				76C9BBF11D5B46170067833D /* PJWPuzzleParameterModel */,
				76C9BBEC1D5B223B0067833D /* PJWOffsetCornerModel */,
				76C9BBF51D5C44050067833D /* PJWOffsetSideModel */,
				76C9BBE21D599E130067833D /* TENTiles */,
				76C9BBDE1D599D120067833D /* TENTileModel */,
				76C9BBDA1D58AA5A0067833D /* TENCornerModel */,
			);
			path = Model;
			sourceTree = "<group>";
		};
		76C9BBDA1D58AA5A0067833D /* TENCornerModel */ = {
			isa = PBXGroup;
			children = (
				76C9BBDB1D58AAA90067833D /* TENCornerModel.h */,
				76C9BBDC1D58AAA90067833D /* TENCornerModel.m */,
			);
			path = TENCornerModel;
			sourceTree = "<group>";
		};
		76C9BBDE1D599D120067833D /* TENTileModel */ = {
			isa = PBXGroup;
			children = (
				76C9BBDF1D599D6D0067833D /* TENTileModel.h */,
				76C9BBE01D599D6D0067833D /* TENTileModel.m */,
			);
			path = TENTileModel;
			sourceTree = "<group>";
		};
		76C9BBE21D599E130067833D /* TENTiles */ = {
			isa = PBXGroup;
			children = (
				76C9BBE31D599E1E0067833D /* TENTiles.h */,
				76C9BBE41D599E1E0067833D /* TENTiles.m */,
			);
			path = TENTiles;
			sourceTree = "<group>";
		};
		76C9BBE61D59AD050067833D /* Resource */ = {
			isa = PBXGroup;
			children = (
				76C9BBE71D59AD150067833D /* TENMacros.h */,
				76C9BBE81D59AD150067833D /* TENMacros.m */,
			);
			path = Resource;
			sourceTree = "<group>";
		};
		76C9BBEC1D5B223B0067833D /* PJWOffsetCornerModel */ = {
			isa = PBXGroup;
			children = (
				76C9BBED1D5B227E0067833D /* PJWOffsetCornerModel.h */,
				76C9BBEE1D5B227E0067833D /* PJWOffsetCornerModel.m */,
			);
			path = PJWOffsetCornerModel;
			sourceTree = "<group>";
		};
		76C9BBF11D5B46170067833D /* PJWPuzzleParameterModel */ = {
			isa = PBXGroup;
			children = (
				76C9BBF21D5B46260067833D /* PJWPuzzleParameterModel.h */,
				76C9BBF31D5B46260067833D /* PJWPuzzleParameterModel.m */,
			);
			path = PJWPuzzleParameterModel;
			sourceTree = "<group>";
		};
		76C9BBF51D5C44050067833D /* PJWOffsetSideModel */ = {
			isa = PBXGroup;
			children = (
				76C9BBF61D5C442F0067833D /* PJWOffsetSideModel.h */,
				76C9BBF71D5C442F0067833D /* PJWOffsetSideModel.m */,
			);
			name = PJWOffsetSideModel;
			path = PJWPuzzleParameterModel/PJWOffsetSideModel;
			sourceTree = "<group>";
		};
		76C9BBF91D5C747F0067833D /* UI */ = {
			isa = PBXGroup;
			children = (
				76C9BBFE1D5C753C0067833D /* PJWTileImageView */,
			);
			path = UI;
			sourceTree = "<group>";
		};
		76C9BBFE1D5C753C0067833D /* PJWTileImageView */ = {
			isa = PBXGroup;
			children = (
				76C9BBFF1D5C754F0067833D /* PJWTileImageView.h */,
				76C9BC001D5C754F0067833D /* PJWTileImageView.m */,
			);
			path = PJWTileImageView;
			sourceTree = "<group>";
		};
/* End PBXGroup section */

/* Begin PBXNativeTarget section */
		76C9BBB91D5498820067833D /* TENJigSawCutter */ = {
			isa = PBXNativeTarget;
			buildConfigurationList = 76C9BBD11D5498820067833D /* Build configuration list for PBXNativeTarget "TENJigSawCutter" */;
			buildPhases = (
				76C9BBB61D5498820067833D /* Sources */,
				76C9BBB71D5498820067833D /* Frameworks */,
				76C9BBB81D5498820067833D /* Resources */,
			);
			buildRules = (
			);
			dependencies = (
			);
			name = TENJigSawCutter;
			productName = TENJigSawCutter;
			productReference = 76C9BBBA1D5498820067833D /* TENJigSawCutter.app */;
			productType = "com.apple.product-type.application";
		};
/* End PBXNativeTarget section */

/* Begin PBXProject section */
		76C9BBB21D5498820067833D /* Project object */ = {
			isa = PBXProject;
			attributes = {
				LastUpgradeCheck = 0730;
				ORGANIZATIONNAME = 444ten;
				TargetAttributes = {
					76C9BBB91D5498820067833D = {
						CreatedOnToolsVersion = 7.3.1;
						DevelopmentTeam = H58S93CCL3;
					};
				};
			};
			buildConfigurationList = 76C9BBB51D5498820067833D /* Build configuration list for PBXProject "TENJigSawCutter" */;
			compatibilityVersion = "Xcode 3.2";
			developmentRegion = English;
			hasScannedForEncodings = 0;
			knownRegions = (
				en,
				Base,
			);
			mainGroup = 76C9BBB11D5498820067833D;
			productRefGroup = 76C9BBBB1D5498820067833D /* Products */;
			projectDirPath = "";
			projectRoot = "";
			targets = (
				76C9BBB91D5498820067833D /* TENJigSawCutter */,
			);
		};
/* End PBXProject section */

/* Begin PBXResourcesBuildPhase section */
		76C9BBB81D5498820067833D /* Resources */ = {
			isa = PBXResourcesBuildPhase;
			buildActionMask = 2147483647;
			files = (
				76C9BBCD1D5498820067833D /* LaunchScreen.storyboard in Resources */,
				76C9BBD51D54A60B0067833D /* 04.jpg in Resources */,
				76C9BBEB1D59DDCD0067833D /* 900x700.jpg in Resources */,
				76C9BBD71D584A030067833D /* 200x200.png in Resources */,
				76C9BBCA1D5498820067833D /* Assets.xcassets in Resources */,
				76C9BBC81D5498820067833D /* Main.storyboard in Resources */,
			);
			runOnlyForDeploymentPostprocessing = 0;
		};
/* End PBXResourcesBuildPhase section */

/* Begin PBXSourcesBuildPhase section */
		76C9BBB61D5498820067833D /* Sources */ = {
			isa = PBXSourcesBuildPhase;
			buildActionMask = 2147483647;
			files = (
				76C9BBE91D59AD150067833D /* TENMacros.m in Sources */,
				76C9BBDD1D58AAA90067833D /* TENCornerModel.m in Sources */,
				76C9BBE51D599E1E0067833D /* TENTiles.m in Sources */,
				76C9BBF81D5C442F0067833D /* PJWOffsetSideModel.m in Sources */,
				76C9BBEF1D5B227E0067833D /* PJWOffsetCornerModel.m in Sources */,
				76C9BBF41D5B46260067833D /* PJWPuzzleParameterModel.m in Sources */,
				76C9BBE11D599D6D0067833D /* TENTileModel.m in Sources */,
				76C9BBC51D5498820067833D /* ViewController.m in Sources */,
				76C9BBC21D5498820067833D /* AppDelegate.m in Sources */,
				76C9BBBF1D5498820067833D /* main.m in Sources */,
				76C9BC011D5C754F0067833D /* PJWTileImageView.m in Sources */,
			);
			runOnlyForDeploymentPostprocessing = 0;
		};
/* End PBXSourcesBuildPhase section */

/* Begin PBXVariantGroup section */
		76C9BBC61D5498820067833D /* Main.storyboard */ = {
			isa = PBXVariantGroup;
			children = (
				76C9BBC71D5498820067833D /* Base */,
			);
			name = Main.storyboard;
			sourceTree = "<group>";
		};
		76C9BBCB1D5498820067833D /* LaunchScreen.storyboard */ = {
			isa = PBXVariantGroup;
			children = (
				76C9BBCC1D5498820067833D /* Base */,
			);
			name = LaunchScreen.storyboard;
			sourceTree = "<group>";
		};
/* End PBXVariantGroup section */

/* Begin XCBuildConfiguration section */
		76C9BBCF1D5498820067833D /* Debug */ = {
			isa = XCBuildConfiguration;
			buildSettings = {
				ALWAYS_SEARCH_USER_PATHS = NO;
				CLANG_ANALYZER_NONNULL = YES;
				CLANG_CXX_LANGUAGE_STANDARD = "gnu++0x";
				CLANG_CXX_LIBRARY = "libc++";
				CLANG_ENABLE_MODULES = YES;
				CLANG_ENABLE_OBJC_ARC = YES;
				CLANG_WARN_BOOL_CONVERSION = YES;
				CLANG_WARN_CONSTANT_CONVERSION = YES;
				CLANG_WARN_DIRECT_OBJC_ISA_USAGE = YES_ERROR;
				CLANG_WARN_EMPTY_BODY = YES;
				CLANG_WARN_ENUM_CONVERSION = YES;
				CLANG_WARN_INT_CONVERSION = YES;
				CLANG_WARN_OBJC_ROOT_CLASS = YES_ERROR;
				CLANG_WARN_UNREACHABLE_CODE = YES;
				CLANG_WARN__DUPLICATE_METHOD_MATCH = YES;
				CODE_SIGN_IDENTITY = "iPhone Developer: tencci7777@gmail.com (5R5NLYHEVC)";
				"CODE_SIGN_IDENTITY[sdk=iphoneos*]" = "iPhone Developer: tencci7777@gmail.com (5R5NLYHEVC)";
				COPY_PHASE_STRIP = NO;
				DEBUG_INFORMATION_FORMAT = dwarf;
				ENABLE_STRICT_OBJC_MSGSEND = YES;
				ENABLE_TESTABILITY = YES;
				GCC_C_LANGUAGE_STANDARD = gnu99;
				GCC_DYNAMIC_NO_PIC = NO;
				GCC_NO_COMMON_BLOCKS = YES;
				GCC_OPTIMIZATION_LEVEL = 0;
				GCC_PREPROCESSOR_DEFINITIONS = (
					"DEBUG=1",
					"$(inherited)",
				);
				GCC_WARN_64_TO_32_BIT_CONVERSION = YES;
				GCC_WARN_ABOUT_RETURN_TYPE = YES_ERROR;
				GCC_WARN_UNDECLARED_SELECTOR = YES;
				GCC_WARN_UNINITIALIZED_AUTOS = YES_AGGRESSIVE;
				GCC_WARN_UNUSED_FUNCTION = YES;
				GCC_WARN_UNUSED_VARIABLE = YES;
				IPHONEOS_DEPLOYMENT_TARGET = 8.1;
				MTL_ENABLE_DEBUG_INFO = YES;
				ONLY_ACTIVE_ARCH = YES;
				PROVISIONING_PROFILE = "fda745fa-c22f-4634-aadc-2f5eba4ae5d7";
				SDKROOT = iphoneos;
				TARGETED_DEVICE_FAMILY = "1,2";
			};
			name = Debug;
		};
		76C9BBD01D5498820067833D /* Release */ = {
			isa = XCBuildConfiguration;
			buildSettings = {
				ALWAYS_SEARCH_USER_PATHS = NO;
				CLANG_ANALYZER_NONNULL = YES;
				CLANG_CXX_LANGUAGE_STANDARD = "gnu++0x";
				CLANG_CXX_LIBRARY = "libc++";
				CLANG_ENABLE_MODULES = YES;
				CLANG_ENABLE_OBJC_ARC = YES;
				CLANG_WARN_BOOL_CONVERSION = YES;
				CLANG_WARN_CONSTANT_CONVERSION = YES;
				CLANG_WARN_DIRECT_OBJC_ISA_USAGE = YES_ERROR;
				CLANG_WARN_EMPTY_BODY = YES;
				CLANG_WARN_ENUM_CONVERSION = YES;
				CLANG_WARN_INT_CONVERSION = YES;
				CLANG_WARN_OBJC_ROOT_CLASS = YES_ERROR;
				CLANG_WARN_UNREACHABLE_CODE = YES;
				CLANG_WARN__DUPLICATE_METHOD_MATCH = YES;
				CODE_SIGN_IDENTITY = "iPhone Developer: tencci7777@gmail.com (5R5NLYHEVC)";
				"CODE_SIGN_IDENTITY[sdk=iphoneos*]" = "iPhone Developer: tencci7777@gmail.com (5R5NLYHEVC)";
				COPY_PHASE_STRIP = NO;
				DEBUG_INFORMATION_FORMAT = "dwarf-with-dsym";
				ENABLE_NS_ASSERTIONS = NO;
				ENABLE_STRICT_OBJC_MSGSEND = YES;
				GCC_C_LANGUAGE_STANDARD = gnu99;
				GCC_NO_COMMON_BLOCKS = YES;
				GCC_WARN_64_TO_32_BIT_CONVERSION = YES;
				GCC_WARN_ABOUT_RETURN_TYPE = YES_ERROR;
				GCC_WARN_UNDECLARED_SELECTOR = YES;
				GCC_WARN_UNINITIALIZED_AUTOS = YES_AGGRESSIVE;
				GCC_WARN_UNUSED_FUNCTION = YES;
				GCC_WARN_UNUSED_VARIABLE = YES;
				IPHONEOS_DEPLOYMENT_TARGET = 8.1;
				MTL_ENABLE_DEBUG_INFO = NO;
				PROVISIONING_PROFILE = "fda745fa-c22f-4634-aadc-2f5eba4ae5d7";
				SDKROOT = iphoneos;
				TARGETED_DEVICE_FAMILY = "1,2";
				VALIDATE_PRODUCT = YES;
			};
			name = Release;
		};
		76C9BBD21D5498820067833D /* Debug */ = {
			isa = XCBuildConfiguration;
			buildSettings = {
				ASSETCATALOG_COMPILER_APPICON_NAME = AppIcon;
				CODE_SIGN_IDENTITY = "";
				"CODE_SIGN_IDENTITY[sdk=iphoneos*]" = "";
				INFOPLIST_FILE = TENJigSawCutter/Info.plist;
				IPHONEOS_DEPLOYMENT_TARGET = 8.1;
				LD_RUNPATH_SEARCH_PATHS = "$(inherited) @executable_path/Frameworks";
				PRODUCT_BUNDLE_IDENTIFIER = "-44ten.TENJigSawCutter";
				PRODUCT_NAME = "$(TARGET_NAME)";
				PROVISIONING_PROFILE = "c5ed524e-9b4f-4dbe-9e9a-99538c60d76a";
			};
			name = Debug;
		};
		76C9BBD31D5498820067833D /* Release */ = {
			isa = XCBuildConfiguration;
			buildSettings = {
				ASSETCATALOG_COMPILER_APPICON_NAME = AppIcon;
				CODE_SIGN_IDENTITY = "";
				"CODE_SIGN_IDENTITY[sdk=iphoneos*]" = "";
				INFOPLIST_FILE = TENJigSawCutter/Info.plist;
				IPHONEOS_DEPLOYMENT_TARGET = 8.1;
				LD_RUNPATH_SEARCH_PATHS = "$(inherited) @executable_path/Frameworks";
				PRODUCT_BUNDLE_IDENTIFIER = "-44ten.TENJigSawCutter";
				PRODUCT_NAME = "$(TARGET_NAME)";
				PROVISIONING_PROFILE = "c5ed524e-9b4f-4dbe-9e9a-99538c60d76a";
			};
			name = Release;
		};
/* End XCBuildConfiguration section */

/* Begin XCConfigurationList section */
		76C9BBB51D5498820067833D /* Build configuration list for PBXProject "TENJigSawCutter" */ = {
			isa = XCConfigurationList;
			buildConfigurations = (
				76C9BBCF1D5498820067833D /* Debug */,
				76C9BBD01D5498820067833D /* Release */,
			);
			defaultConfigurationIsVisible = 0;
			defaultConfigurationName = Release;
		};
		76C9BBD11D5498820067833D /* Build configuration list for PBXNativeTarget "TENJigSawCutter" */ = {
			isa = XCConfigurationList;
			buildConfigurations = (
				76C9BBD21D5498820067833D /* Debug */,
				76C9BBD31D5498820067833D /* Release */,
			);
			defaultConfigurationIsVisible = 0;
			defaultConfigurationName = Release;
		};
/* End XCConfigurationList section */
	};
	rootObject = 76C9BBB21D5498820067833D /* Project object */;
}
